
Microsoft Visual Studio Solution File, Format Version 12.00
# Visual Studio Version 16
VisualStudioVersion = 16.0.33214.272
MinimumVisualStudioVersion = 10.0.40219.1
Project("{9A19103F-16F7-4668-BE54-9A1E7A4F7556}") = "kvt_proje", "odev\kvt_proje.csproj", "{FCA85959-4947-4B8F-9833-D21FDB7D0CBC}"
EndProject
Global
	GlobalSection(SolutionConfigurationPlatforms) = preSolution
		Debug|Any CPU = Debug|Any CPU
		Release|Any CPU = Release|Any CPU
	EndGlobalSection
	GlobalSection(ProjectConfigurationPlatforms) = postSolution
		{FCA85959-4947-4B8F-9833-D21FDB7D0CBC}.Debug|Any CPU.ActiveCfg = Debug|Any CPU
		{FCA85959-4947-4B8F-9833-D21FDB7D0CBC}.Debug|Any CPU.Build.0 = Debug|Any CPU
		{FCA85959-4947-4B8F-9833-D21FDB7D0CBC}.Release|Any CPU.ActiveCfg = Release|Any CPU
		{FCA85959-4947-4B8F-9833-D21FDB7D0CBC}.Release|Any CPU.Build.0 = Release|Any CPU
	EndGlobalSection
	GlobalSection(SolutionProperties) = preSolution
		HideSolutionNode = FALSE
	EndGlobalSection
	GlobalSection(ExtensibilityGlobals) = postSolution
		SolutionGuid = {75A7E70C-A2DE-4F22-AD28-EA10D4F5C252}
	EndGlobalSection
EndGlobal
